
Microsoft Visual Studio Solution File, Format Version 12.00
# Visual Studio Version 16
VisualStudioVersion = 16.0.30523.141
MinimumVisualStudioVersion = 10.0.40219.1
Project("{FAE04EC0-301F-11D3-BF4B-00C04F79EFBC}") = "SayHiHi", "SayHiHi\SayHiHi.csproj", "{6F8D3DD7-6E30-4533-B667-F6F59D38F68B}"
EndProject
Global
	GlobalSection(SolutionConfigurationPlatforms) = preSolution
		Debug|Any CPU = Debug|Any CPU
		Release|Any CPU = Release|Any CPU
	EndGlobalSection
	GlobalSection(ProjectConfigurationPlatforms) = postSolution
		{6F8D3DD7-6E30-4533-B667-F6F59D38F68B}.Debug|Any CPU.ActiveCfg = Debug|Any CPU
		{6F8D3DD7-6E30-4533-B667-F6F59D38F68B}.Debug|Any CPU.Build.0 = Debug|Any CPU
		{6F8D3DD7-6E30-4533-B667-F6F59D38F68B}.Release|Any CPU.ActiveCfg = Release|Any CPU
		{6F8D3DD7-6E30-4533-B667-F6F59D38F68B}.Release|Any CPU.Build.0 = Release|Any CPU
	EndGlobalSection
	GlobalSection(SolutionProperties) = preSolution
		HideSolutionNode = FALSE
	EndGlobalSection
	GlobalSection(ExtensibilityGlobals) = postSolution
		SolutionGuid = {C8702DEF-D295-420D-82B9-D13AD900D2A2}
	EndGlobalSection
EndGlobal
